// !$*UTF8*$!
{
	archiveVersion = 1;
	classes = {
	};
	objectVersion = 46;
	objects = {

/* Begin PBXBuildFile section */
		D609D8FC176B743C00520535 /* Cocoa.framework in Frameworks */ = {isa = PBXBuildFile; fileRef = D609D8FB176B743C00520535 /* Cocoa.framework */; };
		D609D906176B743C00520535 /* InfoPlist.strings in Resources */ = {isa = PBXBuildFile; fileRef = D609D904176B743C00520535 /* InfoPlist.strings */; };
		D609D908176B743C00520535 /* main.m in Sources */ = {isa = PBXBuildFile; fileRef = D609D907176B743C00520535 /* main.m */; };
		D609D90F176B743C00520535 /* RFAppDelegate.m in Sources */ = {isa = PBXBuildFile; fileRef = D609D90E176B743C00520535 /* RFAppDelegate.m */; };
		D609D912176B743D00520535 /* MainMenu.xib in Resources */ = {isa = PBXBuildFile; fileRef = D609D910176B743D00520535 /* MainMenu.xib */; };
		D609D91A176B743D00520535 /* SenTestingKit.framework in Frameworks */ = {isa = PBXBuildFile; fileRef = D609D919176B743D00520535 /* SenTestingKit.framework */; };
		D609D91B176B743D00520535 /* Cocoa.framework in Frameworks */ = {isa = PBXBuildFile; fileRef = D609D8FB176B743C00520535 /* Cocoa.framework */; };
		D609D923176B743D00520535 /* InfoPlist.strings in Resources */ = {isa = PBXBuildFile; fileRef = D609D921176B743D00520535 /* InfoPlist.strings */; };
		D609D926176B743D00520535 /* ReFlankerTests.m in Sources */ = {isa = PBXBuildFile; fileRef = D609D925176B743D00520535 /* ReFlankerTests.m */; };
		D609D935176B7AE100520535 /* RFWindow.m in Sources */ = {isa = PBXBuildFile; fileRef = D609D934176B7AE100520535 /* RFWindow.m */; };
		D609D936176B7AE100520535 /* RFWindow.m in Sources */ = {isa = PBXBuildFile; fileRef = D609D934176B7AE100520535 /* RFWindow.m */; };
		D6143DD31770F14000D73C0E /* NSArray+Ring.m in Sources */ = {isa = PBXBuildFile; fileRef = D6143DD21770F14000D73C0E /* NSArray+Ring.m */; };
		D633B024176B8AFC00E09476 /* DocumentWindow.xib in Resources */ = {isa = PBXBuildFile; fileRef = D633B022176B8AFC00E09476 /* DocumentWindow.xib */; };
		D633B027176B8B4300E09476 /* RFWindowController.m in Sources */ = {isa = PBXBuildFile; fileRef = D633B026176B8B4300E09476 /* RFWindowController.m */; };
		D65954FA178771CE00606B42 /* strnatcmp.c in Sources */ = {isa = PBXBuildFile; fileRef = D65954F8178771CE00606B42 /* strnatcmp.c */; };
		D6595500178775DC00606B42 /* NSString+NaturalSort.m in Sources */ = {isa = PBXBuildFile; fileRef = D65954FF178775DC00606B42 /* NSString+NaturalSort.m */; };
		D6967A2E176BD7EE00B005A5 /* NSImage+PixelSize.m in Sources */ = {isa = PBXBuildFile; fileRef = D6967A2D176BD7EE00B005A5 /* NSImage+PixelSize.m */; };
		D6BA928217D659B000BECC9D /* RFLoaderManager.m in Sources */ = {isa = PBXBuildFile; fileRef = D6BA928117D659B000BECC9D /* RFLoaderManager.m */; };
		D6BA928817D65B7900BECC9D /* RFImageLoader.m in Sources */ = {isa = PBXBuildFile; fileRef = D6BA928717D65B7900BECC9D /* RFImageLoader.m */; };
		D6BA928B17D65E7B00BECC9D /* RFZipLoader.m in Sources */ = {isa = PBXBuildFile; fileRef = D6BA928A17D65E7B00BECC9D /* RFZipLoader.m */; };
		D6BA929917D6609500BECC9D /* ioapi.c in Sources */ = {isa = PBXBuildFile; fileRef = D6BA928F17D6609500BECC9D /* ioapi.c */; };
		D6BA929A17D6609500BECC9D /* mztools.c in Sources */ = {isa = PBXBuildFile; fileRef = D6BA929117D6609500BECC9D /* mztools.c */; };
		D6BA929B17D6609500BECC9D /* unzip.c in Sources */ = {isa = PBXBuildFile; fileRef = D6BA929317D6609500BECC9D /* unzip.c */; };
		D6BA929C17D6609500BECC9D /* zip.c in Sources */ = {isa = PBXBuildFile; fileRef = D6BA929517D6609500BECC9D /* zip.c */; };
		D6BA929D17D6609500BECC9D /* SSZipArchive.m in Sources */ = {isa = PBXBuildFile; fileRef = D6BA929817D6609500BECC9D /* SSZipArchive.m */; };
		D6BA92A017D660D700BECC9D /* libz.1.2.5.dylib in Frameworks */ = {isa = PBXBuildFile; fileRef = D6BA929F17D660D700BECC9D /* libz.1.2.5.dylib */; };
		D6BA92A517D662CD00BECC9D /* libcommonCrypto.dylib in Frameworks */ = {isa = PBXBuildFile; fileRef = D6BA92A417D662CD00BECC9D /* libcommonCrypto.dylib */; };
		D6BA92A817D8C2A000BECC9D /* NSData+MD5Digest.m in Sources */ = {isa = PBXBuildFile; fileRef = D6BA92A717D8C2A000BECC9D /* NSData+MD5Digest.m */; };
		D6BDD1301774BD4A00918BA9 /* AboutPanel.xib in Resources */ = {isa = PBXBuildFile; fileRef = D6BDD12F1774BD4A00918BA9 /* AboutPanel.xib */; };
		D6BDD1331774BDC800918BA9 /* RFAboutPanelController.m in Sources */ = {isa = PBXBuildFile; fileRef = D6BDD1321774BDC800918BA9 /* RFAboutPanelController.m */; };
/* End PBXBuildFile section */

/* Begin PBXContainerItemProxy section */
		D609D91C176B743D00520535 /* PBXContainerItemProxy */ = {
			isa = PBXContainerItemProxy;
			containerPortal = D609D8F0176B743C00520535 /* Project object */;
			proxyType = 1;
			remoteGlobalIDString = D609D8F7176B743C00520535;
			remoteInfo = ReFlanker;
		};
/* End PBXContainerItemProxy section */

/* Begin PBXFileReference section */
		D609D8F8176B743C00520535 /* ReFlanker.app */ = {isa = PBXFileReference; explicitFileType = wrapper.application; includeInIndex = 0; path = ReFlanker.app; sourceTree = BUILT_PRODUCTS_DIR; };
		D609D8FB176B743C00520535 /* Cocoa.framework */ = {isa = PBXFileReference; lastKnownFileType = wrapper.framework; name = Cocoa.framework; path = System/Library/Frameworks/Cocoa.framework; sourceTree = SDKROOT; };
		D609D8FE176B743C00520535 /* AppKit.framework */ = {isa = PBXFileReference; lastKnownFileType = wrapper.framework; name = AppKit.framework; path = System/Library/Frameworks/AppKit.framework; sourceTree = SDKROOT; };
		D609D8FF176B743C00520535 /* CoreData.framework */ = {isa = PBXFileReference; lastKnownFileType = wrapper.framework; name = CoreData.framework; path = System/Library/Frameworks/CoreData.framework; sourceTree = SDKROOT; };
		D609D900176B743C00520535 /* Foundation.framework */ = {isa = PBXFileReference; lastKnownFileType = wrapper.framework; name = Foundation.framework; path = System/Library/Frameworks/Foundation.framework; sourceTree = SDKROOT; };
		D609D903176B743C00520535 /* ReFlanker-Info.plist */ = {isa = PBXFileReference; lastKnownFileType = text.plist.xml; path = "ReFlanker-Info.plist"; sourceTree = "<group>"; };
		D609D905176B743C00520535 /* en */ = {isa = PBXFileReference; lastKnownFileType = text.plist.strings; name = en; path = en.lproj/InfoPlist.strings; sourceTree = "<group>"; };
		D609D907176B743C00520535 /* main.m */ = {isa = PBXFileReference; lastKnownFileType = sourcecode.c.objc; path = main.m; sourceTree = "<group>"; };
		D609D909176B743C00520535 /* ReFlanker-Prefix.pch */ = {isa = PBXFileReference; lastKnownFileType = sourcecode.c.h; path = "ReFlanker-Prefix.pch"; sourceTree = "<group>"; };
		D609D90D176B743C00520535 /* RFAppDelegate.h */ = {isa = PBXFileReference; lastKnownFileType = sourcecode.c.h; path = RFAppDelegate.h; sourceTree = "<group>"; };
		D609D90E176B743C00520535 /* RFAppDelegate.m */ = {isa = PBXFileReference; lastKnownFileType = sourcecode.c.objc; path = RFAppDelegate.m; sourceTree = "<group>"; };
		D609D911176B743D00520535 /* en */ = {isa = PBXFileReference; lastKnownFileType = file.xib; name = en; path = en.lproj/MainMenu.xib; sourceTree = "<group>"; };
		D609D918176B743D00520535 /* ReFlankerTests.octest */ = {isa = PBXFileReference; explicitFileType = wrapper.cfbundle; includeInIndex = 0; path = ReFlankerTests.octest; sourceTree = BUILT_PRODUCTS_DIR; };
		D609D919176B743D00520535 /* SenTestingKit.framework */ = {isa = PBXFileReference; lastKnownFileType = wrapper.framework; name = SenTestingKit.framework; path = Library/Frameworks/SenTestingKit.framework; sourceTree = DEVELOPER_DIR; };
		D609D920176B743D00520535 /* ReFlankerTests-Info.plist */ = {isa = PBXFileReference; lastKnownFileType = text.plist.xml; path = "ReFlankerTests-Info.plist"; sourceTree = "<group>"; };
		D609D922176B743D00520535 /* en */ = {isa = PBXFileReference; lastKnownFileType = text.plist.strings; name = en; path = en.lproj/InfoPlist.strings; sourceTree = "<group>"; };
		D609D924176B743D00520535 /* ReFlankerTests.h */ = {isa = PBXFileReference; lastKnownFileType = sourcecode.c.h; path = ReFlankerTests.h; sourceTree = "<group>"; };
		D609D925176B743D00520535 /* ReFlankerTests.m */ = {isa = PBXFileReference; lastKnownFileType = sourcecode.c.objc; path = ReFlankerTests.m; sourceTree = "<group>"; };
		D609D933176B7AE100520535 /* RFWindow.h */ = {isa = PBXFileReference; fileEncoding = 4; lastKnownFileType = sourcecode.c.h; path = RFWindow.h; sourceTree = "<group>"; };
		D609D934176B7AE100520535 /* RFWindow.m */ = {isa = PBXFileReference; fileEncoding = 4; lastKnownFileType = sourcecode.c.objc; path = RFWindow.m; sourceTree = "<group>"; };
		D6143DD11770F14000D73C0E /* NSArray+Ring.h */ = {isa = PBXFileReference; fileEncoding = 4; lastKnownFileType = sourcecode.c.h; path = "NSArray+Ring.h"; sourceTree = "<group>"; };
		D6143DD21770F14000D73C0E /* NSArray+Ring.m */ = {isa = PBXFileReference; fileEncoding = 4; lastKnownFileType = sourcecode.c.objc; path = "NSArray+Ring.m"; sourceTree = "<group>"; };
		D633B023176B8AFC00E09476 /* en */ = {isa = PBXFileReference; lastKnownFileType = file.xib; name = en; path = en.lproj/DocumentWindow.xib; sourceTree = "<group>"; };
		D633B025176B8B4300E09476 /* RFWindowController.h */ = {isa = PBXFileReference; fileEncoding = 4; lastKnownFileType = sourcecode.c.h; path = RFWindowController.h; sourceTree = "<group>"; };
		D633B026176B8B4300E09476 /* RFWindowController.m */ = {isa = PBXFileReference; fileEncoding = 4; lastKnownFileType = sourcecode.c.objc; path = RFWindowController.m; sourceTree = "<group>"; };
		D65954F8178771CE00606B42 /* strnatcmp.c */ = {isa = PBXFileReference; fileEncoding = 4; lastKnownFileType = sourcecode.c.c; path = strnatcmp.c; sourceTree = "<group>"; };
		D65954F9178771CE00606B42 /* strnatcmp.h */ = {isa = PBXFileReference; fileEncoding = 4; lastKnownFileType = sourcecode.c.h; path = strnatcmp.h; sourceTree = "<group>"; };
		D65954FE178775DC00606B42 /* NSString+NaturalSort.h */ = {isa = PBXFileReference; fileEncoding = 4; lastKnownFileType = sourcecode.c.h; path = "NSString+NaturalSort.h"; sourceTree = "<group>"; };
		D65954FF178775DC00606B42 /* NSString+NaturalSort.m */ = {isa = PBXFileReference; fileEncoding = 4; lastKnownFileType = sourcecode.c.objc; path = "NSString+NaturalSort.m"; sourceTree = "<group>"; };
		D6967A2C176BD7EE00B005A5 /* NSImage+PixelSize.h */ = {isa = PBXFileReference; fileEncoding = 4; lastKnownFileType = sourcecode.c.h; path = "NSImage+PixelSize.h"; sourceTree = "<group>"; };
		D6967A2D176BD7EE00B005A5 /* NSImage+PixelSize.m */ = {isa = PBXFileReference; fileEncoding = 4; lastKnownFileType = sourcecode.c.objc; path = "NSImage+PixelSize.m"; sourceTree = "<group>"; };
		D6BA928017D659B000BECC9D /* RFLoaderManager.h */ = {isa = PBXFileReference; fileEncoding = 4; lastKnownFileType = sourcecode.c.h; path = RFLoaderManager.h; sourceTree = "<group>"; };
		D6BA928117D659B000BECC9D /* RFLoaderManager.m */ = {isa = PBXFileReference; fileEncoding = 4; lastKnownFileType = sourcecode.c.objc; path = RFLoaderManager.m; sourceTree = "<group>"; };
		D6BA928317D65B3D00BECC9D /* RFLoader.h */ = {isa = PBXFileReference; fileEncoding = 4; lastKnownFileType = sourcecode.c.h; path = RFLoader.h; sourceTree = "<group>"; };
		D6BA928617D65B7900BECC9D /* RFImageLoader.h */ = {isa = PBXFileReference; fileEncoding = 4; lastKnownFileType = sourcecode.c.h; path = RFImageLoader.h; sourceTree = "<group>"; };
		D6BA928717D65B7900BECC9D /* RFImageLoader.m */ = {isa = PBXFileReference; fileEncoding = 4; lastKnownFileType = sourcecode.c.objc; path = RFImageLoader.m; sourceTree = "<group>"; };
		D6BA928917D65E7B00BECC9D /* RFZipLoader.h */ = {isa = PBXFileReference; fileEncoding = 4; lastKnownFileType = sourcecode.c.h; path = RFZipLoader.h; sourceTree = "<group>"; };
		D6BA928A17D65E7B00BECC9D /* RFZipLoader.m */ = {isa = PBXFileReference; fileEncoding = 4; lastKnownFileType = sourcecode.c.objc; path = RFZipLoader.m; sourceTree = "<group>"; };
		D6BA928E17D6609500BECC9D /* crypt.h */ = {isa = PBXFileReference; fileEncoding = 4; lastKnownFileType = sourcecode.c.h; path = crypt.h; sourceTree = "<group>"; };
		D6BA928F17D6609500BECC9D /* ioapi.c */ = {isa = PBXFileReference; fileEncoding = 4; lastKnownFileType = sourcecode.c.c; path = ioapi.c; sourceTree = "<group>"; };
		D6BA929017D6609500BECC9D /* ioapi.h */ = {isa = PBXFileReference; fileEncoding = 4; lastKnownFileType = sourcecode.c.h; path = ioapi.h; sourceTree = "<group>"; };
		D6BA929117D6609500BECC9D /* mztools.c */ = {isa = PBXFileReference; fileEncoding = 4; lastKnownFileType = sourcecode.c.c; path = mztools.c; sourceTree = "<group>"; };
		D6BA929217D6609500BECC9D /* mztools.h */ = {isa = PBXFileReference; fileEncoding = 4; lastKnownFileType = sourcecode.c.h; path = mztools.h; sourceTree = "<group>"; };
		D6BA929317D6609500BECC9D /* unzip.c */ = {isa = PBXFileReference; fileEncoding = 4; lastKnownFileType = sourcecode.c.c; path = unzip.c; sourceTree = "<group>"; };
		D6BA929417D6609500BECC9D /* unzip.h */ = {isa = PBXFileReference; fileEncoding = 4; lastKnownFileType = sourcecode.c.h; path = unzip.h; sourceTree = "<group>"; };
		D6BA929517D6609500BECC9D /* zip.c */ = {isa = PBXFileReference; fileEncoding = 4; lastKnownFileType = sourcecode.c.c; path = zip.c; sourceTree = "<group>"; };
		D6BA929617D6609500BECC9D /* zip.h */ = {isa = PBXFileReference; fileEncoding = 4; lastKnownFileType = sourcecode.c.h; path = zip.h; sourceTree = "<group>"; };
		D6BA929717D6609500BECC9D /* SSZipArchive.h */ = {isa = PBXFileReference; fileEncoding = 4; lastKnownFileType = sourcecode.c.h; name = SSZipArchive.h; path = ssziparchive/SSZipArchive.h; sourceTree = SOURCE_ROOT; };
		D6BA929817D6609500BECC9D /* SSZipArchive.m */ = {isa = PBXFileReference; fileEncoding = 4; lastKnownFileType = sourcecode.c.objc; name = SSZipArchive.m; path = ssziparchive/SSZipArchive.m; sourceTree = SOURCE_ROOT; };
		D6BA929F17D660D700BECC9D /* libz.1.2.5.dylib */ = {isa = PBXFileReference; lastKnownFileType = "compiled.mach-o.dylib"; name = libz.1.2.5.dylib; path = usr/lib/libz.1.2.5.dylib; sourceTree = SDKROOT; };
		D6BA92A417D662CD00BECC9D /* libcommonCrypto.dylib */ = {isa = PBXFileReference; lastKnownFileType = "compiled.mach-o.dylib"; name = libcommonCrypto.dylib; path = usr/lib/system/libcommonCrypto.dylib; sourceTree = SDKROOT; };
		D6BA92A617D8C2A000BECC9D /* NSData+MD5Digest.h */ = {isa = PBXFileReference; fileEncoding = 4; lastKnownFileType = sourcecode.c.h; path = "NSData+MD5Digest.h"; sourceTree = "<group>"; };
		D6BA92A717D8C2A000BECC9D /* NSData+MD5Digest.m */ = {isa = PBXFileReference; fileEncoding = 4; lastKnownFileType = sourcecode.c.objc; path = "NSData+MD5Digest.m"; sourceTree = "<group>"; };
		D6BDD12F1774BD4A00918BA9 /* AboutPanel.xib */ = {isa = PBXFileReference; fileEncoding = 4; lastKnownFileType = file.xib; path = AboutPanel.xib; sourceTree = "<group>"; };
		D6BDD1311774BDC800918BA9 /* RFAboutPanelController.h */ = {isa = PBXFileReference; fileEncoding = 4; lastKnownFileType = sourcecode.c.h; path = RFAboutPanelController.h; sourceTree = "<group>"; };
		D6BDD1321774BDC800918BA9 /* RFAboutPanelController.m */ = {isa = PBXFileReference; fileEncoding = 4; lastKnownFileType = sourcecode.c.objc; path = RFAboutPanelController.m; sourceTree = "<group>"; };
/* End PBXFileReference section */

/* Begin PBXFrameworksBuildPhase section */
		D609D8F5176B743C00520535 /* Frameworks */ = {
			isa = PBXFrameworksBuildPhase;
			buildActionMask = 2147483647;
			files = (
				D6BA92A517D662CD00BECC9D /* libcommonCrypto.dylib in Frameworks */,
				D6BA92A017D660D700BECC9D /* libz.1.2.5.dylib in Frameworks */,
				D609D8FC176B743C00520535 /* Cocoa.framework in Frameworks */,
			);
			runOnlyForDeploymentPostprocessing = 0;
		};
		D609D914176B743D00520535 /* Frameworks */ = {
			isa = PBXFrameworksBuildPhase;
			buildActionMask = 2147483647;
			files = (
				D609D91A176B743D00520535 /* SenTestingKit.framework in Frameworks */,
				D609D91B176B743D00520535 /* Cocoa.framework in Frameworks */,
			);
			runOnlyForDeploymentPostprocessing = 0;
		};
/* End PBXFrameworksBuildPhase section */

/* Begin PBXGroup section */
		D609D8EF176B743C00520535 = {
			isa = PBXGroup;
			children = (
				D609D901176B743C00520535 /* ReFlanker */,
				D609D91E176B743D00520535 /* ReFlankerTests */,
				D609D8FA176B743C00520535 /* Frameworks */,
				D65955011787766600606B42 /* Vendor */,
				D609D8F9176B743C00520535 /* Products */,
			);
			sourceTree = "<group>";
		};
		D609D8F9176B743C00520535 /* Products */ = {
			isa = PBXGroup;
			children = (
				D609D8F8176B743C00520535 /* ReFlanker.app */,
				D609D918176B743D00520535 /* ReFlankerTests.octest */,
			);
			name = Products;
			sourceTree = "<group>";
		};
		D609D8FA176B743C00520535 /* Frameworks */ = {
			isa = PBXGroup;
			children = (
				D6BA92A417D662CD00BECC9D /* libcommonCrypto.dylib */,
				D6BA929F17D660D700BECC9D /* libz.1.2.5.dylib */,
				D609D8FB176B743C00520535 /* Cocoa.framework */,
				D609D919176B743D00520535 /* SenTestingKit.framework */,
				D609D8FD176B743C00520535 /* Other Frameworks */,
			);
			name = Frameworks;
			sourceTree = "<group>";
		};
		D609D8FD176B743C00520535 /* Other Frameworks */ = {
			isa = PBXGroup;
			children = (
				D609D8FE176B743C00520535 /* AppKit.framework */,
				D609D8FF176B743C00520535 /* CoreData.framework */,
				D609D900176B743C00520535 /* Foundation.framework */,
			);
			name = "Other Frameworks";
			sourceTree = "<group>";
		};
		D609D901176B743C00520535 /* ReFlanker */ = {
			isa = PBXGroup;
			children = (
				D609D90D176B743C00520535 /* RFAppDelegate.h */,
				D609D90E176B743C00520535 /* RFAppDelegate.m */,
				D6A7D44E17D647B700BDF87C /* Controllers */,
				D6BA927A17D6539500BECC9D /* Models */,
				D6A7D44F17D647C400BDF87C /* Views and Windows */,
				D6A7D45017D647E500BDF87C /* Extra */,
				D6A7D45117D647F200BDF87C /* xibs */,
				D609D902176B743C00520535 /* Supporting Files */,
			);
			path = ReFlanker;
			sourceTree = "<group>";
		};
		D609D902176B743C00520535 /* Supporting Files */ = {
			isa = PBXGroup;
			children = (
				D609D903176B743C00520535 /* ReFlanker-Info.plist */,
				D609D904176B743C00520535 /* InfoPlist.strings */,
				D609D907176B743C00520535 /* main.m */,
				D609D909176B743C00520535 /* ReFlanker-Prefix.pch */,
			);
			name = "Supporting Files";
			sourceTree = "<group>";
		};
		D609D91E176B743D00520535 /* ReFlankerTests */ = {
			isa = PBXGroup;
			children = (
				D609D924176B743D00520535 /* ReFlankerTests.h */,
				D609D925176B743D00520535 /* ReFlankerTests.m */,
				D609D91F176B743D00520535 /* Supporting Files */,
			);
			path = ReFlankerTests;
			sourceTree = "<group>";
		};
		D609D91F176B743D00520535 /* Supporting Files */ = {
			isa = PBXGroup;
			children = (
				D609D920176B743D00520535 /* ReFlankerTests-Info.plist */,
				D609D921176B743D00520535 /* InfoPlist.strings */,
			);
			name = "Supporting Files";
			sourceTree = "<group>";
		};
		D65955011787766600606B42 /* Vendor */ = {
			isa = PBXGroup;
			children = (
				D6BA929E17D6609D00BECC9D /* ssziparchive */,
				D6BA928C17D65FAD00BECC9D /* strnatcmp */,
			);
			name = Vendor;
			path = ReFlanker;
			sourceTree = "<group>";
		};
		D6A7D44E17D647B700BDF87C /* Controllers */ = {
			isa = PBXGroup;
			children = (
				D633B025176B8B4300E09476 /* RFWindowController.h */,
				D633B026176B8B4300E09476 /* RFWindowController.m */,
				D6BDD1311774BDC800918BA9 /* RFAboutPanelController.h */,
				D6BDD1321774BDC800918BA9 /* RFAboutPanelController.m */,
			);
			name = Controllers;
			sourceTree = "<group>";
		};
		D6A7D44F17D647C400BDF87C /* Views and Windows */ = {
			isa = PBXGroup;
			children = (
				D609D933176B7AE100520535 /* RFWindow.h */,
				D609D934176B7AE100520535 /* RFWindow.m */,
			);
			name = "Views and Windows";
			sourceTree = "<group>";
		};
		D6A7D45017D647E500BDF87C /* Extra */ = {
			isa = PBXGroup;
			children = (
				D6143DD11770F14000D73C0E /* NSArray+Ring.h */,
				D6143DD21770F14000D73C0E /* NSArray+Ring.m */,
				D6967A2C176BD7EE00B005A5 /* NSImage+PixelSize.h */,
				D6967A2D176BD7EE00B005A5 /* NSImage+PixelSize.m */,
				D65954FE178775DC00606B42 /* NSString+NaturalSort.h */,
				D65954FF178775DC00606B42 /* NSString+NaturalSort.m */,
				D6BA92A617D8C2A000BECC9D /* NSData+MD5Digest.h */,
				D6BA92A717D8C2A000BECC9D /* NSData+MD5Digest.m */,
			);
			name = Extra;
			sourceTree = "<group>";
		};
		D6A7D45117D647F200BDF87C /* xibs */ = {
			isa = PBXGroup;
			children = (
				D633B022176B8AFC00E09476 /* DocumentWindow.xib */,
				D609D910176B743D00520535 /* MainMenu.xib */,
				D6BDD12F1774BD4A00918BA9 /* AboutPanel.xib */,
			);
			name = xibs;
			sourceTree = "<group>";
		};
		D6BA927A17D6539500BECC9D /* Models */ = {
			isa = PBXGroup;
			children = (
				D6BA928017D659B000BECC9D /* RFLoaderManager.h */,
				D6BA928117D659B000BECC9D /* RFLoaderManager.m */,
				D6BA928317D65B3D00BECC9D /* RFLoader.h */,
				D6BA928617D65B7900BECC9D /* RFImageLoader.h */,
				D6BA928717D65B7900BECC9D /* RFImageLoader.m */,
				D6BA928917D65E7B00BECC9D /* RFZipLoader.h */,
				D6BA928A17D65E7B00BECC9D /* RFZipLoader.m */,
			);
			name = Models;
			sourceTree = "<group>";
		};
		D6BA928C17D65FAD00BECC9D /* strnatcmp */ = {
			isa = PBXGroup;
			children = (
				D65954F9178771CE00606B42 /* strnatcmp.h */,
				D65954F8178771CE00606B42 /* strnatcmp.c */,
			);
			name = strnatcmp;
			path = ../strnatcmp;
			sourceTree = "<group>";
		};
		D6BA928D17D6609500BECC9D /* minizip */ = {
			isa = PBXGroup;
			children = (
				D6BA928E17D6609500BECC9D /* crypt.h */,
				D6BA928F17D6609500BECC9D /* ioapi.c */,
				D6BA929017D6609500BECC9D /* ioapi.h */,
				D6BA929117D6609500BECC9D /* mztools.c */,
				D6BA929217D6609500BECC9D /* mztools.h */,
				D6BA929317D6609500BECC9D /* unzip.c */,
				D6BA929417D6609500BECC9D /* unzip.h */,
				D6BA929517D6609500BECC9D /* zip.c */,
				D6BA929617D6609500BECC9D /* zip.h */,
			);
			name = minizip;
			path = ssziparchive/minizip;
			sourceTree = SOURCE_ROOT;
		};
		D6BA929E17D6609D00BECC9D /* ssziparchive */ = {
			isa = PBXGroup;
			children = (
				D6BA928D17D6609500BECC9D /* minizip */,
				D6BA929717D6609500BECC9D /* SSZipArchive.h */,
				D6BA929817D6609500BECC9D /* SSZipArchive.m */,
			);
			name = ssziparchive;
			sourceTree = "<group>";
		};
/* End PBXGroup section */

/* Begin PBXNativeTarget section */
		D609D8F7176B743C00520535 /* ReFlanker */ = {
			isa = PBXNativeTarget;
			buildConfigurationList = D609D929176B743D00520535 /* Build configuration list for PBXNativeTarget "ReFlanker" */;
			buildPhases = (
				D609D8F4176B743C00520535 /* Sources */,
				D609D8F5176B743C00520535 /* Frameworks */,
				D609D8F6176B743C00520535 /* Resources */,
			);
			buildRules = (
			);
			dependencies = (
			);
			name = ReFlanker;
			productName = ReFlanker;
			productReference = D609D8F8176B743C00520535 /* ReFlanker.app */;
			productType = "com.apple.product-type.application";
		};
		D609D917176B743D00520535 /* ReFlankerTests */ = {
			isa = PBXNativeTarget;
			buildConfigurationList = D609D92C176B743D00520535 /* Build configuration list for PBXNativeTarget "ReFlankerTests" */;
			buildPhases = (
				D609D913176B743D00520535 /* Sources */,
				D609D914176B743D00520535 /* Frameworks */,
				D609D915176B743D00520535 /* Resources */,
				D609D916176B743D00520535 /* ShellScript */,
			);
			buildRules = (
			);
			dependencies = (
				D609D91D176B743D00520535 /* PBXTargetDependency */,
			);
			name = ReFlankerTests;
			productName = ReFlankerTests;
			productReference = D609D918176B743D00520535 /* ReFlankerTests.octest */;
			productType = "com.apple.product-type.bundle";
		};
/* End PBXNativeTarget section */

/* Begin PBXProject section */
		D609D8F0176B743C00520535 /* Project object */ = {
			isa = PBXProject;
			attributes = {
				CLASSPREFIX = RF;
				LastUpgradeCheck = 0500;
				ORGANIZATIONNAME = Aerialarts;
			};
			buildConfigurationList = D609D8F3176B743C00520535 /* Build configuration list for PBXProject "ReFlanker" */;
			compatibilityVersion = "Xcode 3.2";
			developmentRegion = English;
			hasScannedForEncodings = 0;
			knownRegions = (
				en,
			);
			mainGroup = D609D8EF176B743C00520535;
			productRefGroup = D609D8F9176B743C00520535 /* Products */;
			projectDirPath = "";
			projectRoot = "";
			targets = (
				D609D8F7176B743C00520535 /* ReFlanker */,
				D609D917176B743D00520535 /* ReFlankerTests */,
			);
		};
/* End PBXProject section */

/* Begin PBXResourcesBuildPhase section */
		D609D8F6176B743C00520535 /* Resources */ = {
			isa = PBXResourcesBuildPhase;
			buildActionMask = 2147483647;
			files = (
				D609D906176B743C00520535 /* InfoPlist.strings in Resources */,
				D609D912176B743D00520535 /* MainMenu.xib in Resources */,
				D633B024176B8AFC00E09476 /* DocumentWindow.xib in Resources */,
				D6BDD1301774BD4A00918BA9 /* AboutPanel.xib in Resources */,
			);
			runOnlyForDeploymentPostprocessing = 0;
		};
		D609D915176B743D00520535 /* Resources */ = {
			isa = PBXResourcesBuildPhase;
			buildActionMask = 2147483647;
			files = (
				D609D923176B743D00520535 /* InfoPlist.strings in Resources */,
			);
			runOnlyForDeploymentPostprocessing = 0;
		};
/* End PBXResourcesBuildPhase section */

/* Begin PBXShellScriptBuildPhase section */
		D609D916176B743D00520535 /* ShellScript */ = {
			isa = PBXShellScriptBuildPhase;
			buildActionMask = 2147483647;
			files = (
			);
			inputPaths = (
			);
			outputPaths = (
			);
			runOnlyForDeploymentPostprocessing = 0;
			shellPath = /bin/sh;
			shellScript = "# Run the unit tests in this test bundle.\n\"${SYSTEM_DEVELOPER_DIR}/Tools/RunUnitTests\"\n";
		};
/* End PBXShellScriptBuildPhase section */

/* Begin PBXSourcesBuildPhase section */
		D609D8F4176B743C00520535 /* Sources */ = {
			isa = PBXSourcesBuildPhase;
			buildActionMask = 2147483647;
			files = (
				D609D908176B743C00520535 /* main.m in Sources */,
				D609D90F176B743C00520535 /* RFAppDelegate.m in Sources */,
				D609D935176B7AE100520535 /* RFWindow.m in Sources */,
				D633B027176B8B4300E09476 /* RFWindowController.m in Sources */,
				D6967A2E176BD7EE00B005A5 /* NSImage+PixelSize.m in Sources */,
				D6143DD31770F14000D73C0E /* NSArray+Ring.m in Sources */,
				D6BDD1331774BDC800918BA9 /* RFAboutPanelController.m in Sources */,
				D65954FA178771CE00606B42 /* strnatcmp.c in Sources */,
				D6595500178775DC00606B42 /* NSString+NaturalSort.m in Sources */,
				D6BA928217D659B000BECC9D /* RFLoaderManager.m in Sources */,
				D6BA928817D65B7900BECC9D /* RFImageLoader.m in Sources */,
				D6BA928B17D65E7B00BECC9D /* RFZipLoader.m in Sources */,
				D6BA929917D6609500BECC9D /* ioapi.c in Sources */,
				D6BA929A17D6609500BECC9D /* mztools.c in Sources */,
				D6BA929B17D6609500BECC9D /* unzip.c in Sources */,
				D6BA929C17D6609500BECC9D /* zip.c in Sources */,
				D6BA929D17D6609500BECC9D /* SSZipArchive.m in Sources */,
				D6BA92A817D8C2A000BECC9D /* NSData+MD5Digest.m in Sources */,
			);
			runOnlyForDeploymentPostprocessing = 0;
		};
		D609D913176B743D00520535 /* Sources */ = {
			isa = PBXSourcesBuildPhase;
			buildActionMask = 2147483647;
			files = (
				D609D926176B743D00520535 /* ReFlankerTests.m in Sources */,
				D609D936176B7AE100520535 /* RFWindow.m in Sources */,
			);
			runOnlyForDeploymentPostprocessing = 0;
		};
/* End PBXSourcesBuildPhase section */

/* Begin PBXTargetDependency section */
		D609D91D176B743D00520535 /* PBXTargetDependency */ = {
			isa = PBXTargetDependency;
			target = D609D8F7176B743C00520535 /* ReFlanker */;
			targetProxy = D609D91C176B743D00520535 /* PBXContainerItemProxy */;
		};
/* End PBXTargetDependency section */

/* Begin PBXVariantGroup section */
		D609D904176B743C00520535 /* InfoPlist.strings */ = {
			isa = PBXVariantGroup;
			children = (
				D609D905176B743C00520535 /* en */,
			);
			name = InfoPlist.strings;
			sourceTree = "<group>";
		};
		D609D910176B743D00520535 /* MainMenu.xib */ = {
			isa = PBXVariantGroup;
			children = (
				D609D911176B743D00520535 /* en */,
			);
			name = MainMenu.xib;
			sourceTree = "<group>";
		};
		D609D921176B743D00520535 /* InfoPlist.strings */ = {
			isa = PBXVariantGroup;
			children = (
				D609D922176B743D00520535 /* en */,
			);
			name = InfoPlist.strings;
			sourceTree = "<group>";
		};
		D633B022176B8AFC00E09476 /* DocumentWindow.xib */ = {
			isa = PBXVariantGroup;
			children = (
				D633B023176B8AFC00E09476 /* en */,
			);
			name = DocumentWindow.xib;
			sourceTree = "<group>";
		};
/* End PBXVariantGroup section */

/* Begin XCBuildConfiguration section */
		D609D927176B743D00520535 /* Debug */ = {
			isa = XCBuildConfiguration;
			buildSettings = {
				ALWAYS_SEARCH_USER_PATHS = NO;
				CLANG_CXX_LANGUAGE_STANDARD = "gnu++0x";
				CLANG_CXX_LIBRARY = "libc++";
				CLANG_ENABLE_OBJC_ARC = YES;
				CLANG_WARN_CONSTANT_CONVERSION = YES;
				CLANG_WARN_EMPTY_BODY = YES;
				CLANG_WARN_ENUM_CONVERSION = YES;
				CLANG_WARN_INT_CONVERSION = YES;
				CLANG_WARN__DUPLICATE_METHOD_MATCH = YES;
				COPY_PHASE_STRIP = NO;
				GCC_C_LANGUAGE_STANDARD = gnu99;
				GCC_DYNAMIC_NO_PIC = NO;
				GCC_ENABLE_OBJC_EXCEPTIONS = YES;
				GCC_OPTIMIZATION_LEVEL = 0;
				GCC_PREPROCESSOR_DEFINITIONS = (
					"DEBUG=1",
					"$(inherited)",
				);
				GCC_SYMBOLS_PRIVATE_EXTERN = NO;
				GCC_WARN_64_TO_32_BIT_CONVERSION = YES;
				GCC_WARN_ABOUT_RETURN_TYPE = YES;
				GCC_WARN_UNINITIALIZED_AUTOS = YES;
				GCC_WARN_UNUSED_VARIABLE = YES;
				MACOSX_DEPLOYMENT_TARGET = 10.8;
				ONLY_ACTIVE_ARCH = YES;
				SDKROOT = macosx;
			};
			name = Debug;
		};
		D609D928176B743D00520535 /* Release */ = {
			isa = XCBuildConfiguration;
			buildSettings = {
				ALWAYS_SEARCH_USER_PATHS = NO;
				CLANG_CXX_LANGUAGE_STANDARD = "gnu++0x";
				CLANG_CXX_LIBRARY = "libc++";
				CLANG_ENABLE_OBJC_ARC = YES;
				CLANG_WARN_CONSTANT_CONVERSION = YES;
				CLANG_WARN_EMPTY_BODY = YES;
				CLANG_WARN_ENUM_CONVERSION = YES;
				CLANG_WARN_INT_CONVERSION = YES;
				CLANG_WARN__DUPLICATE_METHOD_MATCH = YES;
				COPY_PHASE_STRIP = YES;
				DEBUG_INFORMATION_FORMAT = "dwarf-with-dsym";
				GCC_C_LANGUAGE_STANDARD = gnu99;
				GCC_ENABLE_OBJC_EXCEPTIONS = YES;
				GCC_WARN_64_TO_32_BIT_CONVERSION = YES;
				GCC_WARN_ABOUT_RETURN_TYPE = YES;
				GCC_WARN_UNINITIALIZED_AUTOS = YES;
				GCC_WARN_UNUSED_VARIABLE = YES;
				MACOSX_DEPLOYMENT_TARGET = 10.8;
				SDKROOT = macosx;
			};
			name = Release;
		};
		D609D92A176B743D00520535 /* Debug */ = {
			isa = XCBuildConfiguration;
			buildSettings = {
				COMBINE_HIDPI_IMAGES = YES;
				GCC_PRECOMPILE_PREFIX_HEADER = YES;
				GCC_PREFIX_HEADER = "ReFlanker/ReFlanker-Prefix.pch";
				INFOPLIST_FILE = "ReFlanker/ReFlanker-Info.plist";
				LIBRARY_SEARCH_PATHS = (
					"$(inherited)",
					"\"$(SDKROOT)/usr/lib/system\"",
				);
				PRODUCT_NAME = "$(TARGET_NAME)";
				WRAPPER_EXTENSION = app;
			};
			name = Debug;
		};
		D609D92B176B743D00520535 /* Release */ = {
			isa = XCBuildConfiguration;
			buildSettings = {
				COMBINE_HIDPI_IMAGES = YES;
				GCC_PRECOMPILE_PREFIX_HEADER = YES;
				GCC_PREFIX_HEADER = "ReFlanker/ReFlanker-Prefix.pch";
				INFOPLIST_FILE = "ReFlanker/ReFlanker-Info.plist";
				LIBRARY_SEARCH_PATHS = (
					"$(inherited)",
					"\"$(SDKROOT)/usr/lib/system\"",
				);
				PRODUCT_NAME = "$(TARGET_NAME)";
				WRAPPER_EXTENSION = app;
			};
			name = Release;
		};
		D609D92D176B743D00520535 /* Debug */ = {
			isa = XCBuildConfiguration;
			buildSettings = {
				BUNDLE_LOADER = "$(BUILT_PRODUCTS_DIR)/ReFlanker.app/Contents/MacOS/ReFlanker";
				COMBINE_HIDPI_IMAGES = YES;
				FRAMEWORK_SEARCH_PATHS = "\"$(DEVELOPER_LIBRARY_DIR)/Frameworks\"";
				GCC_PRECOMPILE_PREFIX_HEADER = YES;
				GCC_PREFIX_HEADER = "ReFlanker/ReFlanker-Prefix.pch";
				INFOPLIST_FILE = "ReFlankerTests/ReFlankerTests-Info.plist";
				PRODUCT_NAME = "$(TARGET_NAME)";
				TEST_HOST = "$(BUNDLE_LOADER)";
				WRAPPER_EXTENSION = octest;
			};
			name = Debug;
		};
		D609D92E176B743D00520535 /* Release */ = {
			isa = XCBuildConfiguration;
			buildSettings = {
				BUNDLE_LOADER = "$(BUILT_PRODUCTS_DIR)/ReFlanker.app/Contents/MacOS/ReFlanker";
				COMBINE_HIDPI_IMAGES = YES;
				FRAMEWORK_SEARCH_PATHS = "\"$(DEVELOPER_LIBRARY_DIR)/Frameworks\"";
				GCC_PRECOMPILE_PREFIX_HEADER = YES;
				GCC_PREFIX_HEADER = "ReFlanker/ReFlanker-Prefix.pch";
				INFOPLIST_FILE = "ReFlankerTests/ReFlankerTests-Info.plist";
				PRODUCT_NAME = "$(TARGET_NAME)";
				TEST_HOST = "$(BUNDLE_LOADER)";
				WRAPPER_EXTENSION = octest;
			};
			name = Release;
		};
/* End XCBuildConfiguration section */

/* Begin XCConfigurationList section */
		D609D8F3176B743C00520535 /* Build configuration list for PBXProject "ReFlanker" */ = {
			isa = XCConfigurationList;
			buildConfigurations = (
				D609D927176B743D00520535 /* Debug */,
				D609D928176B743D00520535 /* Release */,
			);
			defaultConfigurationIsVisible = 0;
			defaultConfigurationName = Release;
		};
		D609D929176B743D00520535 /* Build configuration list for PBXNativeTarget "ReFlanker" */ = {
			isa = XCConfigurationList;
			buildConfigurations = (
				D609D92A176B743D00520535 /* Debug */,
				D609D92B176B743D00520535 /* Release */,
			);
			defaultConfigurationIsVisible = 0;
			defaultConfigurationName = Release;
		};
		D609D92C176B743D00520535 /* Build configuration list for PBXNativeTarget "ReFlankerTests" */ = {
			isa = XCConfigurationList;
			buildConfigurations = (
				D609D92D176B743D00520535 /* Debug */,
				D609D92E176B743D00520535 /* Release */,
			);
			defaultConfigurationIsVisible = 0;
			defaultConfigurationName = Release;
		};
/* End XCConfigurationList section */
	};
	rootObject = D609D8F0176B743C00520535 /* Project object */;
}
